
Microsoft Visual Studio Solution File, Format Version 12.00
# Visual Studio Version 16
VisualStudioVersion = 16.0.29613.14
MinimumVisualStudioVersion = 10.0.40219.1
Project("{FAE04EC0-301F-11D3-BF4B-00C04F79EFBC}") = "EmapaiPrueba", "EmapaiPrueba\EmapaiPrueba.csproj", "{3946F8AC-95F1-4E57-A4CF-F3A0E488C9CA}"
EndProject
Global
	GlobalSection(SolutionConfigurationPlatforms) = preSolution
		Debug|Any CPU = Debug|Any CPU
		Release|Any CPU = Release|Any CPU
	EndGlobalSection
	GlobalSection(ProjectConfigurationPlatforms) = postSolution
		{3946F8AC-95F1-4E57-A4CF-F3A0E488C9CA}.Debug|Any CPU.ActiveCfg = Debug|Any CPU
		{3946F8AC-95F1-4E57-A4CF-F3A0E488C9CA}.Debug|Any CPU.Build.0 = Debug|Any CPU
		{3946F8AC-95F1-4E57-A4CF-F3A0E488C9CA}.Release|Any CPU.ActiveCfg = Release|Any CPU
		{3946F8AC-95F1-4E57-A4CF-F3A0E488C9CA}.Release|Any CPU.Build.0 = Release|Any CPU
	EndGlobalSection
	GlobalSection(SolutionProperties) = preSolution
		HideSolutionNode = FALSE
	EndGlobalSection
	GlobalSection(ExtensibilityGlobals) = postSolution
		SolutionGuid = {70ED5F91-C23B-4B5B-A8F9-E603FD06BF48}
	EndGlobalSection
EndGlobal
